
Microsoft Visual Studio Solution File, Format Version 12.00
# Visual Studio 15
VisualStudioVersion = 15.0.28010.2036
MinimumVisualStudioVersion = 10.0.40219.1
Project("{FAE04EC0-301F-11D3-BF4B-00C04F79EFBC}") = "PrototypeGui-OOD-Pr3", "PrototypeGui-OOD-Pr3\PrototypeGui-OOD-Pr3.csproj", "{037A4C15-D4D1-4B7F-81BA-A112F1236A89}"
EndProject
Global
	GlobalSection(SolutionConfigurationPlatforms) = preSolution
		Debug|Any CPU = Debug|Any CPU
		Release|Any CPU = Release|Any CPU
	EndGlobalSection
	GlobalSection(ProjectConfigurationPlatforms) = postSolution
		{037A4C15-D4D1-4B7F-81BA-A112F1236A89}.Debug|Any CPU.ActiveCfg = Debug|Any CPU
		{037A4C15-D4D1-4B7F-81BA-A112F1236A89}.Debug|Any CPU.Build.0 = Debug|Any CPU
		{037A4C15-D4D1-4B7F-81BA-A112F1236A89}.Release|Any CPU.ActiveCfg = Release|Any CPU
		{037A4C15-D4D1-4B7F-81BA-A112F1236A89}.Release|Any CPU.Build.0 = Release|Any CPU
	EndGlobalSection
	GlobalSection(SolutionProperties) = preSolution
		HideSolutionNode = FALSE
	EndGlobalSection
	GlobalSection(ExtensibilityGlobals) = postSolution
		SolutionGuid = {E18039C0-AE5B-4B03-B3E6-24694A24AAB6}
	EndGlobalSection
EndGlobal
